Microsoft Visual Studio Solution File, Format Version 12.00
# Visual Studio 2013
VisualStudioVersion = 12.0.21005.1
MinimumVisualStudioVersion = 10.0.40219.1
Project("{8BC9CEB8-8B4A-11D0-8D11-00A0C91BC942}") = "setup", "setup.vcxproj", "{E23BF6E4-E5EC-43C8-B28D-3740ABE46C56}"
EndProject
Project("{8BC9CEB8-8B4A-11D0-8D11-00A0C91BC942}") = "ClearBadKey", "ClearBadKey\ClearBadKey.vcxproj", "{7F54A7E0-1ECA-4EF0-B444-F859DDBDFE6F}"
EndProject
Project("{8BC9CEB8-8B4A-11D0-8D11-00A0C91BC942}") = "Bin2Cpp", "Bin2Cpp\Bin2Cpp.vcxproj", "{65030264-00A5-41FC-9F08-791CFA3E15A9}"
EndProject
Project("{8BC9CEB8-8B4A-11D0-8D11-00A0C91BC942}") = "InstallerHelp2", "InstallerHelp2\InstallerHelp2.vcxproj", "{D9F1BD71-CE4A-4D09-BC09-19D08E2CF5B6}"
EndProject
Project("{8BC9CEB8-8B4A-11D0-8D11-00A0C91BC942}") = "DownloadPackageAdvisor", "DownloadPackageAdvisor\DownloadPackageAdvisor.vcxproj", "{DACD55B7-1AA4-4E2D-847E-51C62D56DCB2}"
EndProject
Project("{FAE04EC0-301F-11D3-BF4B-00C04F79EFBC}") = "MasterInstallerConfigurator", "MasterInstallerConfigurator\MasterInstallerConfigurator.csproj", "{0FE27749-0723-412C-924E-BA8E15BAAAFE}"
EndProject
Project("{FAE04EC0-301F-11D3-BF4B-00C04F79EFBC}") = "MasterInstallerConfiguratorTests", "MasterInstallerConfiguratorTests\MasterInstallerConfiguratorTests\MasterInstallerConfiguratorTests.csproj", "{C04B9C04-84C2-466B-94CF-A9C483959A6F}"
EndProject
Global
	GlobalSection(SolutionConfigurationPlatforms) = preSolution
		Active (Unicode)|Any CPU = Active (Unicode)|Any CPU
		Active (Unicode)|ARM = Active (Unicode)|ARM
		Active (Unicode)|Mixed Platforms = Active (Unicode)|Mixed Platforms
		Active (Unicode)|Win32 = Active (Unicode)|Win32
		Active (Unicode)|x64 = Active (Unicode)|x64
		Active (Unicode)|x86 = Active (Unicode)|x86
		Debug|Any CPU = Debug|Any CPU
		Debug|ARM = Debug|ARM
		Debug|Mixed Platforms = Debug|Mixed Platforms
		Debug|Win32 = Debug|Win32
		Debug|x64 = Debug|x64
		Debug|x86 = Debug|x86
		Release|Any CPU = Release|Any CPU
		Release|ARM = Release|ARM
		Release|Mixed Platforms = Release|Mixed Platforms
		Release|Win32 = Release|Win32
		Release|x64 = Release|x64
		Release|x86 = Release|x86
	EndGlobalSection
	GlobalSection(ProjectConfigurationPlatforms) = postSolution
		{E23BF6E4-E5EC-43C8-B28D-3740ABE46C56}.Active (Unicode)|Any CPU.ActiveCfg = Active (Unicode)|Win32
		{E23BF6E4-E5EC-43C8-B28D-3740ABE46C56}.Active (Unicode)|ARM.ActiveCfg = Active (Unicode)|Win32
		{E23BF6E4-E5EC-43C8-B28D-3740ABE46C56}.Active (Unicode)|Mixed Platforms.ActiveCfg = Active (Unicode)|Win32
		{E23BF6E4-E5EC-43C8-B28D-3740ABE46C56}.Active (Unicode)|Mixed Platforms.Build.0 = Active (Unicode)|Win32
		{E23BF6E4-E5EC-43C8-B28D-3740ABE46C56}.Active (Unicode)|Win32.ActiveCfg = Active (Unicode)|Win32
		{E23BF6E4-E5EC-43C8-B28D-3740ABE46C56}.Active (Unicode)|Win32.Build.0 = Active (Unicode)|Win32
		{E23BF6E4-E5EC-43C8-B28D-3740ABE46C56}.Active (Unicode)|x64.ActiveCfg = Active (Unicode)|Win32
		{E23BF6E4-E5EC-43C8-B28D-3740ABE46C56}.Active (Unicode)|x86.ActiveCfg = Active (Unicode)|Win32
		{E23BF6E4-E5EC-43C8-B28D-3740ABE46C56}.Active (Unicode)|x86.Build.0 = Active (Unicode)|Win32
		{E23BF6E4-E5EC-43C8-B28D-3740ABE46C56}.Debug|Any CPU.ActiveCfg = Debug|Win32
		{E23BF6E4-E5EC-43C8-B28D-3740ABE46C56}.Debug|ARM.ActiveCfg = Debug|Win32
		{E23BF6E4-E5EC-43C8-B28D-3740ABE46C56}.Debug|Mixed Platforms.ActiveCfg = Debug|Win32
		{E23BF6E4-E5EC-43C8-B28D-3740ABE46C56}.Debug|Mixed Platforms.Build.0 = Debug|Win32
		{E23BF6E4-E5EC-43C8-B28D-3740ABE46C56}.Debug|Win32.ActiveCfg = Debug|Win32
		{E23BF6E4-E5EC-43C8-B28D-3740ABE46C56}.Debug|x64.ActiveCfg = Debug|Win32
		{E23BF6E4-E5EC-43C8-B28D-3740ABE46C56}.Debug|x86.ActiveCfg = Debug|Win32
		{E23BF6E4-E5EC-43C8-B28D-3740ABE46C56}.Debug|x86.Build.0 = Debug|Win32
		{E23BF6E4-E5EC-43C8-B28D-3740ABE46C56}.Release|Any CPU.ActiveCfg = Release|Win32
		{E23BF6E4-E5EC-43C8-B28D-3740ABE46C56}.Release|ARM.ActiveCfg = Release|Win32
		{E23BF6E4-E5EC-43C8-B28D-3740ABE46C56}.Release|Mixed Platforms.ActiveCfg = Release|Win32
		{E23BF6E4-E5EC-43C8-B28D-3740ABE46C56}.Release|Mixed Platforms.Build.0 = Release|Win32
		{E23BF6E4-E5EC-43C8-B28D-3740ABE46C56}.Release|Win32.ActiveCfg = Release|Win32
		{E23BF6E4-E5EC-43C8-B28D-3740ABE46C56}.Release|Win32.Build.0 = Release|Win32
		{E23BF6E4-E5EC-43C8-B28D-3740ABE46C56}.Release|x64.ActiveCfg = Release|Win32
		{E23BF6E4-E5EC-43C8-B28D-3740ABE46C56}.Release|x86.ActiveCfg = Release|Win32
		{E23BF6E4-E5EC-43C8-B28D-3740ABE46C56}.Release|x86.Build.0 = Release|Win32
		{7F54A7E0-1ECA-4EF0-B444-F859DDBDFE6F}.Active (Unicode)|Any CPU.ActiveCfg = Active (Unicode)|Win32
		{7F54A7E0-1ECA-4EF0-B444-F859DDBDFE6F}.Active (Unicode)|ARM.ActiveCfg = Active (Unicode)|Win32
		{7F54A7E0-1ECA-4EF0-B444-F859DDBDFE6F}.Active (Unicode)|Mixed Platforms.ActiveCfg = Active (Unicode)|Win32
		{7F54A7E0-1ECA-4EF0-B444-F859DDBDFE6F}.Active (Unicode)|Mixed Platforms.Build.0 = Active (Unicode)|Win32
		{7F54A7E0-1ECA-4EF0-B444-F859DDBDFE6F}.Active (Unicode)|Win32.ActiveCfg = Active (Unicode)|Win32
		{7F54A7E0-1ECA-4EF0-B444-F859DDBDFE6F}.Active (Unicode)|Win32.Build.0 = Active (Unicode)|Win32
		{7F54A7E0-1ECA-4EF0-B444-F859DDBDFE6F}.Active (Unicode)|x64.ActiveCfg = Active (Unicode)|Win32
		{7F54A7E0-1ECA-4EF0-B444-F859DDBDFE6F}.Active (Unicode)|x86.ActiveCfg = Active (Unicode)|Win32
		{7F54A7E0-1ECA-4EF0-B444-F859DDBDFE6F}.Active (Unicode)|x86.Build.0 = Active (Unicode)|Win32
		{7F54A7E0-1ECA-4EF0-B444-F859DDBDFE6F}.Debug|Any CPU.ActiveCfg = Debug|Win32
		{7F54A7E0-1ECA-4EF0-B444-F859DDBDFE6F}.Debug|ARM.ActiveCfg = Debug|Win32
		{7F54A7E0-1ECA-4EF0-B444-F859DDBDFE6F}.Debug|Mixed Platforms.ActiveCfg = Debug|Win32
		{7F54A7E0-1ECA-4EF0-B444-F859DDBDFE6F}.Debug|Mixed Platforms.Build.0 = Debug|Win32
		{7F54A7E0-1ECA-4EF0-B444-F859DDBDFE6F}.Debug|Win32.ActiveCfg = Debug|Win32
		{7F54A7E0-1ECA-4EF0-B444-F859DDBDFE6F}.Debug|x64.ActiveCfg = Debug|Win32
		{7F54A7E0-1ECA-4EF0-B444-F859DDBDFE6F}.Debug|x86.ActiveCfg = Debug|Win32
		{7F54A7E0-1ECA-4EF0-B444-F859DDBDFE6F}.Debug|x86.Build.0 = Debug|Win32
		{7F54A7E0-1ECA-4EF0-B444-F859DDBDFE6F}.Release|Any CPU.ActiveCfg = Release|Win32
		{7F54A7E0-1ECA-4EF0-B444-F859DDBDFE6F}.Release|ARM.ActiveCfg = Release|Win32
		{7F54A7E0-1ECA-4EF0-B444-F859DDBDFE6F}.Release|Mixed Platforms.ActiveCfg = Release|Win32
		{7F54A7E0-1ECA-4EF0-B444-F859DDBDFE6F}.Release|Mixed Platforms.Build.0 = Release|Win32
		{7F54A7E0-1ECA-4EF0-B444-F859DDBDFE6F}.Release|Win32.ActiveCfg = Release|Win32
		{7F54A7E0-1ECA-4EF0-B444-F859DDBDFE6F}.Release|Win32.Build.0 = Release|Win32
		{7F54A7E0-1ECA-4EF0-B444-F859DDBDFE6F}.Release|x64.ActiveCfg = Release|Win32
		{7F54A7E0-1ECA-4EF0-B444-F859DDBDFE6F}.Release|x86.ActiveCfg = Release|Win32
		{7F54A7E0-1ECA-4EF0-B444-F859DDBDFE6F}.Release|x86.Build.0 = Release|Win32
		{65030264-00A5-41FC-9F08-791CFA3E15A9}.Active (Unicode)|Any CPU.ActiveCfg = Active (Unicode)|Win32
		{65030264-00A5-41FC-9F08-791CFA3E15A9}.Active (Unicode)|ARM.ActiveCfg = Active (Unicode)|Win32
		{65030264-00A5-41FC-9F08-791CFA3E15A9}.Active (Unicode)|Mixed Platforms.ActiveCfg = Active (Unicode)|Win32
		{65030264-00A5-41FC-9F08-791CFA3E15A9}.Active (Unicode)|Mixed Platforms.Build.0 = Active (Unicode)|Win32
		{65030264-00A5-41FC-9F08-791CFA3E15A9}.Active (Unicode)|Win32.ActiveCfg = Active (Unicode)|Win32
		{65030264-00A5-41FC-9F08-791CFA3E15A9}.Active (Unicode)|Win32.Build.0 = Active (Unicode)|Win32
		{65030264-00A5-41FC-9F08-791CFA3E15A9}.Active (Unicode)|x64.ActiveCfg = Active (Unicode)|Win32
		{65030264-00A5-41FC-9F08-791CFA3E15A9}.Active (Unicode)|x86.ActiveCfg = Active (Unicode)|Win32
		{65030264-00A5-41FC-9F08-791CFA3E15A9}.Active (Unicode)|x86.Build.0 = Active (Unicode)|Win32
		{65030264-00A5-41FC-9F08-791CFA3E15A9}.Debug|Any CPU.ActiveCfg = Debug|Win32
		{65030264-00A5-41FC-9F08-791CFA3E15A9}.Debug|ARM.ActiveCfg = Debug|Win32
		{65030264-00A5-41FC-9F08-791CFA3E15A9}.Debug|Mixed Platforms.ActiveCfg = Debug|Win32
		{65030264-00A5-41FC-9F08-791CFA3E15A9}.Debug|Mixed Platforms.Build.0 = Debug|Win32
		{65030264-00A5-41FC-9F08-791CFA3E15A9}.Debug|Win32.ActiveCfg = Debug|Win32
		{65030264-00A5-41FC-9F08-791CFA3E15A9}.Debug|x64.ActiveCfg = Debug|Win32
		{65030264-00A5-41FC-9F08-791CFA3E15A9}.Debug|x86.ActiveCfg = Debug|Win32
		{65030264-00A5-41FC-9F08-791CFA3E15A9}.Debug|x86.Build.0 = Debug|Win32
		{65030264-00A5-41FC-9F08-791CFA3E15A9}.Release|Any CPU.ActiveCfg = Release|Win32
		{65030264-00A5-41FC-9F08-791CFA3E15A9}.Release|ARM.ActiveCfg = Release|Win32
		{65030264-00A5-41FC-9F08-791CFA3E15A9}.Release|Mixed Platforms.ActiveCfg = Release|Win32
		{65030264-00A5-41FC-9F08-791CFA3E15A9}.Release|Mixed Platforms.Build.0 = Release|Win32
		{65030264-00A5-41FC-9F08-791CFA3E15A9}.Release|Win32.ActiveCfg = Release|Win32
		{65030264-00A5-41FC-9F08-791CFA3E15A9}.Release|Win32.Build.0 = Release|Win32
		{65030264-00A5-41FC-9F08-791CFA3E15A9}.Release|x64.ActiveCfg = Release|Win32
		{65030264-00A5-41FC-9F08-791CFA3E15A9}.Release|x86.ActiveCfg = Release|Win32
		{65030264-00A5-41FC-9F08-791CFA3E15A9}.Release|x86.Build.0 = Release|Win32
		{D9F1BD71-CE4A-4D09-BC09-19D08E2CF5B6}.Active (Unicode)|Any CPU.ActiveCfg = Active (Unicode)|Win32
		{D9F1BD71-CE4A-4D09-BC09-19D08E2CF5B6}.Active (Unicode)|ARM.ActiveCfg = Active (Unicode)|Win32
		{D9F1BD71-CE4A-4D09-BC09-19D08E2CF5B6}.Active (Unicode)|Mixed Platforms.ActiveCfg = Active (Unicode)|Win32
		{D9F1BD71-CE4A-4D09-BC09-19D08E2CF5B6}.Active (Unicode)|Mixed Platforms.Build.0 = Active (Unicode)|Win32
		{D9F1BD71-CE4A-4D09-BC09-19D08E2CF5B6}.Active (Unicode)|Win32.ActiveCfg = Active (Unicode)|Win32
		{D9F1BD71-CE4A-4D09-BC09-19D08E2CF5B6}.Active (Unicode)|Win32.Build.0 = Active (Unicode)|Win32
		{D9F1BD71-CE4A-4D09-BC09-19D08E2CF5B6}.Active (Unicode)|x64.ActiveCfg = Active (Unicode)|Win32
		{D9F1BD71-CE4A-4D09-BC09-19D08E2CF5B6}.Active (Unicode)|x86.ActiveCfg = Active (Unicode)|Win32
		{D9F1BD71-CE4A-4D09-BC09-19D08E2CF5B6}.Active (Unicode)|x86.Build.0 = Active (Unicode)|Win32
		{D9F1BD71-CE4A-4D09-BC09-19D08E2CF5B6}.Debug|Any CPU.ActiveCfg = Debug|Win32
		{D9F1BD71-CE4A-4D09-BC09-19D08E2CF5B6}.Debug|ARM.ActiveCfg = Debug|Win32
		{D9F1BD71-CE4A-4D09-BC09-19D08E2CF5B6}.Debug|Mixed Platforms.ActiveCfg = Debug|Win32
		{D9F1BD71-CE4A-4D09-BC09-19D08E2CF5B6}.Debug|Mixed Platforms.Build.0 = Debug|Win32
		{D9F1BD71-CE4A-4D09-BC09-19D08E2CF5B6}.Debug|Win32.ActiveCfg = Debug|Win32
		{D9F1BD71-CE4A-4D09-BC09-19D08E2CF5B6}.Debug|x64.ActiveCfg = Debug|Win32
		{D9F1BD71-CE4A-4D09-BC09-19D08E2CF5B6}.Debug|x86.ActiveCfg = Debug|Win32
		{D9F1BD71-CE4A-4D09-BC09-19D08E2CF5B6}.Debug|x86.Build.0 = Debug|Win32
		{D9F1BD71-CE4A-4D09-BC09-19D08E2CF5B6}.Release|Any CPU.ActiveCfg = Release|Win32
		{D9F1BD71-CE4A-4D09-BC09-19D08E2CF5B6}.Release|ARM.ActiveCfg = Release|Win32
		{D9F1BD71-CE4A-4D09-BC09-19D08E2CF5B6}.Release|Mixed Platforms.ActiveCfg = Release|Win32
		{D9F1BD71-CE4A-4D09-BC09-19D08E2CF5B6}.Release|Mixed Platforms.Build.0 = Release|Win32
		{D9F1BD71-CE4A-4D09-BC09-19D08E2CF5B6}.Release|Win32.ActiveCfg = Release|Win32
		{D9F1BD71-CE4A-4D09-BC09-19D08E2CF5B6}.Release|Win32.Build.0 = Release|Win32
		{D9F1BD71-CE4A-4D09-BC09-19D08E2CF5B6}.Release|x64.ActiveCfg = Release|Win32
		{D9F1BD71-CE4A-4D09-BC09-19D08E2CF5B6}.Release|x86.ActiveCfg = Release|Win32
		{D9F1BD71-CE4A-4D09-BC09-19D08E2CF5B6}.Release|x86.Build.0 = Release|Win32
		{DACD55B7-1AA4-4E2D-847E-51C62D56DCB2}.Active (Unicode)|Any CPU.ActiveCfg = Debug|Win32
		{DACD55B7-1AA4-4E2D-847E-51C62D56DCB2}.Active (Unicode)|ARM.ActiveCfg = Debug|Win32
		{DACD55B7-1AA4-4E2D-847E-51C62D56DCB2}.Active (Unicode)|Mixed Platforms.ActiveCfg = Debug|Win32
		{DACD55B7-1AA4-4E2D-847E-51C62D56DCB2}.Active (Unicode)|Win32.ActiveCfg = Release|Win32
		{DACD55B7-1AA4-4E2D-847E-51C62D56DCB2}.Active (Unicode)|Win32.Build.0 = Release|Win32
		{DACD55B7-1AA4-4E2D-847E-51C62D56DCB2}.Active (Unicode)|x64.ActiveCfg = Debug|Win32
		{DACD55B7-1AA4-4E2D-847E-51C62D56DCB2}.Active (Unicode)|x86.ActiveCfg = Debug|Win32
		{DACD55B7-1AA4-4E2D-847E-51C62D56DCB2}.Debug|Any CPU.ActiveCfg = Debug|Win32
		{DACD55B7-1AA4-4E2D-847E-51C62D56DCB2}.Debug|ARM.ActiveCfg = Debug|Win32
		{DACD55B7-1AA4-4E2D-847E-51C62D56DCB2}.Debug|Mixed Platforms.ActiveCfg = Debug|Win32
		{DACD55B7-1AA4-4E2D-847E-51C62D56DCB2}.Debug|Win32.ActiveCfg = Debug|Win32
		{DACD55B7-1AA4-4E2D-847E-51C62D56DCB2}.Debug|Win32.Build.0 = Debug|Win32
		{DACD55B7-1AA4-4E2D-847E-51C62D56DCB2}.Debug|x64.ActiveCfg = Debug|Win32
		{DACD55B7-1AA4-4E2D-847E-51C62D56DCB2}.Debug|x86.ActiveCfg = Debug|Win32
		{DACD55B7-1AA4-4E2D-847E-51C62D56DCB2}.Release|Any CPU.ActiveCfg = Release|Win32
		{DACD55B7-1AA4-4E2D-847E-51C62D56DCB2}.Release|ARM.ActiveCfg = Release|Win32
		{DACD55B7-1AA4-4E2D-847E-51C62D56DCB2}.Release|Mixed Platforms.ActiveCfg = Release|Win32
		{DACD55B7-1AA4-4E2D-847E-51C62D56DCB2}.Release|Win32.ActiveCfg = Release|Win32
		{DACD55B7-1AA4-4E2D-847E-51C62D56DCB2}.Release|Win32.Build.0 = Release|Win32
		{DACD55B7-1AA4-4E2D-847E-51C62D56DCB2}.Release|x64.ActiveCfg = Release|Win32
		{DACD55B7-1AA4-4E2D-847E-51C62D56DCB2}.Release|x86.ActiveCfg = Release|Win32
		{0FE27749-0723-412C-924E-BA8E15BAAAFE}.Active (Unicode)|Any CPU.ActiveCfg = Release|Any CPU
		{0FE27749-0723-412C-924E-BA8E15BAAAFE}.Active (Unicode)|Any CPU.Build.0 = Release|Any CPU
		{0FE27749-0723-412C-924E-BA8E15BAAAFE}.Active (Unicode)|ARM.ActiveCfg = Release|Any CPU
		{0FE27749-0723-412C-924E-BA8E15BAAAFE}.Active (Unicode)|Mixed Platforms.ActiveCfg = Release|Any CPU
		{0FE27749-0723-412C-924E-BA8E15BAAAFE}.Active (Unicode)|Mixed Platforms.Build.0 = Release|Any CPU
		{0FE27749-0723-412C-924E-BA8E15BAAAFE}.Active (Unicode)|Win32.ActiveCfg = Release|Any CPU
		{0FE27749-0723-412C-924E-BA8E15BAAAFE}.Active (Unicode)|x64.ActiveCfg = Release|Any CPU
		{0FE27749-0723-412C-924E-BA8E15BAAAFE}.Active (Unicode)|x86.ActiveCfg = Release|Any CPU
		{0FE27749-0723-412C-924E-BA8E15BAAAFE}.Debug|Any CPU.ActiveCfg = Debug|Any CPU
		{0FE27749-0723-412C-924E-BA8E15BAAAFE}.Debug|Any CPU.Build.0 = Debug|Any CPU
		{0FE27749-0723-412C-924E-BA8E15BAAAFE}.Debug|ARM.ActiveCfg = Debug|Any CPU
		{0FE27749-0723-412C-924E-BA8E15BAAAFE}.Debug|Mixed Platforms.ActiveCfg = Debug|Any CPU
		{0FE27749-0723-412C-924E-BA8E15BAAAFE}.Debug|Mixed Platforms.Build.0 = Debug|Any CPU
		{0FE27749-0723-412C-924E-BA8E15BAAAFE}.Debug|Win32.ActiveCfg = Debug|Any CPU
		{0FE27749-0723-412C-924E-BA8E15BAAAFE}.Debug|x64.ActiveCfg = Debug|Any CPU
		{0FE27749-0723-412C-924E-BA8E15BAAAFE}.Debug|x86.ActiveCfg = Debug|Any CPU
		{0FE27749-0723-412C-924E-BA8E15BAAAFE}.Release|Any CPU.ActiveCfg = Release|Any CPU
		{0FE27749-0723-412C-924E-BA8E15BAAAFE}.Release|Any CPU.Build.0 = Release|Any CPU
		{0FE27749-0723-412C-924E-BA8E15BAAAFE}.Release|ARM.ActiveCfg = Release|Any CPU
		{0FE27749-0723-412C-924E-BA8E15BAAAFE}.Release|Mixed Platforms.ActiveCfg = Release|Any CPU
		{0FE27749-0723-412C-924E-BA8E15BAAAFE}.Release|Mixed Platforms.Build.0 = Release|Any CPU
		{0FE27749-0723-412C-924E-BA8E15BAAAFE}.Release|Win32.ActiveCfg = Release|Any CPU
		{0FE27749-0723-412C-924E-BA8E15BAAAFE}.Release|x64.ActiveCfg = Release|Any CPU
		{0FE27749-0723-412C-924E-BA8E15BAAAFE}.Release|x86.ActiveCfg = Release|Any CPU
		{C04B9C04-84C2-466B-94CF-A9C483959A6F}.Active (Unicode)|Any CPU.ActiveCfg = Release|Any CPU
		{C04B9C04-84C2-466B-94CF-A9C483959A6F}.Active (Unicode)|Any CPU.Build.0 = Release|Any CPU
		{C04B9C04-84C2-466B-94CF-A9C483959A6F}.Active (Unicode)|ARM.ActiveCfg = Release|Any CPU
		{C04B9C04-84C2-466B-94CF-A9C483959A6F}.Active (Unicode)|Mixed Platforms.ActiveCfg = Release|Any CPU
		{C04B9C04-84C2-466B-94CF-A9C483959A6F}.Active (Unicode)|Mixed Platforms.Build.0 = Release|Any CPU
		{C04B9C04-84C2-466B-94CF-A9C483959A6F}.Active (Unicode)|Win32.ActiveCfg = Release|Any CPU
		{C04B9C04-84C2-466B-94CF-A9C483959A6F}.Active (Unicode)|x64.ActiveCfg = Release|Any CPU
		{C04B9C04-84C2-466B-94CF-A9C483959A6F}.Active (Unicode)|x86.ActiveCfg = Release|Any CPU
		{C04B9C04-84C2-466B-94CF-A9C483959A6F}.Debug|Any CPU.ActiveCfg = Debug|Any CPU
		{C04B9C04-84C2-466B-94CF-A9C483959A6F}.Debug|Any CPU.Build.0 = Debug|Any CPU
		{C04B9C04-84C2-466B-94CF-A9C483959A6F}.Debug|ARM.ActiveCfg = Debug|Any CPU
		{C04B9C04-84C2-466B-94CF-A9C483959A6F}.Debug|Mixed Platforms.ActiveCfg = Debug|Any CPU
		{C04B9C04-84C2-466B-94CF-A9C483959A6F}.Debug|Mixed Platforms.Build.0 = Debug|Any CPU
		{C04B9C04-84C2-466B-94CF-A9C483959A6F}.Debug|Win32.ActiveCfg = Debug|Any CPU
		{C04B9C04-84C2-466B-94CF-A9C483959A6F}.Debug|x64.ActiveCfg = Debug|Any CPU
		{C04B9C04-84C2-466B-94CF-A9C483959A6F}.Debug|x86.ActiveCfg = Debug|Any CPU
		{C04B9C04-84C2-466B-94CF-A9C483959A6F}.Release|Any CPU.ActiveCfg = Release|Any CPU
		{C04B9C04-84C2-466B-94CF-A9C483959A6F}.Release|Any CPU.Build.0 = Release|Any CPU
		{C04B9C04-84C2-466B-94CF-A9C483959A6F}.Release|ARM.ActiveCfg = Release|Any CPU
		{C04B9C04-84C2-466B-94CF-A9C483959A6F}.Release|Mixed Platforms.ActiveCfg = Release|Any CPU
		{C04B9C04-84C2-466B-94CF-A9C483959A6F}.Release|Mixed Platforms.Build.0 = Release|Any CPU
		{C04B9C04-84C2-466B-94CF-A9C483959A6F}.Release|Win32.ActiveCfg = Release|Any CPU
		{C04B9C04-84C2-466B-94CF-A9C483959A6F}.Release|x64.ActiveCfg = Release|Any CPU
		{C04B9C04-84C2-466B-94CF-A9C483959A6F}.Release|x86.ActiveCfg = Release|Any CPU
	EndGlobalSection
	GlobalSection(SolutionProperties) = preSolution
		HideSolutionNode = FALSE
	EndGlobalSection
EndGlobal
